# THIS IS AN AUTOGENERATED FILE. DO NOT EDIT THIS FILE DIRECTLY.
# yarn lockfile v1


"@auth0/auth0-react@^2.0.1":
  version "2.0.1"
  resolved "https://registry.yarnpkg.com/@auth0/auth0-react/-/auth0-react-2.0.1.tgz#581d3d1481fabe6f5b6821a08254344345f1a77c"
  integrity sha512-7Rla3del7inUloaWMsECs0JvBpDEj9lgfy+BQE/Z75zs9tveNvxab+xFdfrBC0GPN0eoiq1PeHcc++YjLnti+g==
  dependencies:
    "@auth0/auth0-spa-js" "^2.0.4"

"@auth0/auth0-spa-js@^2.0.4":
  version "2.0.4"
  resolved "https://registry.yarnpkg.com/@auth0/auth0-spa-js/-/auth0-spa-js-2.0.4.tgz#81f6b5d9f72617ed30ee53cdf27dcd7a216bf2da"
  integrity sha512-NgD6Fkm5Xnbned1VjhEW8irm1/Y8AWtdSLexgLXNwwBVgfnYicCVBu8w75m2t+4QljXkTcI7IXVEFhVmxMuxaA==

"@faker-js/faker@^7.6.0":
  version "7.6.0"
  resolved "https://registry.yarnpkg.com/@faker-js/faker/-/faker-7.6.0.tgz#9ea331766084288634a9247fcd8b84f16ff4ba07"
  integrity sha512-XK6BTq1NDMo9Xqw/YkYyGjSsg44fbNwYRx7QK2CuoQgyy+f1rrTDHoExVM5PsyXCtfl2vs2vVJ0MN0yN6LppRw==

"@remix-run/router@1.5.0":
  version "1.5.0"
  resolved "https://registry.yarnpkg.com/@remix-run/router/-/router-1.5.0.tgz#57618e57942a5f0131374a9fdb0167e25a117fdc"
  integrity sha512-bkUDCp8o1MvFO+qxkODcbhSqRa6P2GXgrGZVpt0dCXNW2HCSCqYI0ZoAqEOSAjRWmmlKcYgFvN4B4S+zo/f8kg==

react-icons@^4.8.0:
  version "4.8.0"
  resolved "https://registry.yarnpkg.com/react-icons/-/react-icons-4.8.0.tgz#621e900caa23b912f737e41be57f27f6b2bff445"
  integrity sha512-N6+kOLcihDiAnj5Czu637waJqSnwlMNROzVZMhfX68V/9bu9qHaMIJC4UdozWoOk57gahFCNHwVvWzm0MTzRjg==

react-router-dom@^6.10.0:
  version "6.10.0"
  resolved "https://registry.yarnpkg.com/react-router-dom/-/react-router-dom-6.10.0.tgz#090ddc5c84dc41b583ce08468c4007c84245f61f"
  integrity sha512-E5dfxRPuXKJqzwSe/qGcqdwa18QiWC6f3H3cWXM24qj4N0/beCIf/CWTipop2xm7mR0RCS99NnaqPNjHtrAzCg==
  dependencies:
    "@remix-run/router" "1.5.0"
    react-router "6.10.0"

react-router@6.10.0:
  version "6.10.0"
  resolved "https://registry.yarnpkg.com/react-router/-/react-router-6.10.0.tgz#230f824fde9dd0270781b5cb497912de32c0a971"
  integrity sha512-Nrg0BWpQqrC3ZFFkyewrflCud9dio9ME3ojHCF/WLsprJVzkq3q3UeEhMCAW1dobjeGbWgjNn/PVF6m46ANxXQ==
  dependencies:
    "@remix-run/router" "1.5.0"
