# THIS IS AN AUTOGENERATED FILE. DO NOT EDIT THIS FILE DIRECTLY.
# yarn lockfile v1


"@auth0/auth0-react@^2.0.1":
  version "2.0.1"
  resolved "https://registry.yarnpkg.com/@auth0/auth0-react/-/auth0-react-2.0.1.tgz#581d3d1481fabe6f5b6821a08254344345f1a77c"
  integrity sha512-7Rla3del7inUloaWMsECs0JvBpDEj9lgfy+BQE/Z75zs9tveNvxab+xFdfrBC0GPN0eoiq1PeHcc++YjLnti+g==
  dependencies:
    "@auth0/auth0-spa-js" "^2.0.4"

"@auth0/auth0-spa-js@^2.0.4":
  version "2.0.4"
  resolved "https://registry.yarnpkg.com/@auth0/auth0-spa-js/-/auth0-spa-js-2.0.4.tgz#81f6b5d9f72617ed30ee53cdf27dcd7a216bf2da"
  integrity sha512-NgD6Fkm5Xnbned1VjhEW8irm1/Y8AWtdSLexgLXNwwBVgfnYicCVBu8w75m2t+4QljXkTcI7IXVEFhVmxMuxaA==

"@faker-js/faker@^7.6.0":
  version "7.6.0"
  resolved "https://registry.yarnpkg.com/@faker-js/faker/-/faker-7.6.0.tgz#9ea331766084288634a9247fcd8b84f16ff4ba07"
  integrity sha512-XK6BTq1NDMo9Xqw/YkYyGjSsg44fbNwYRx7QK2CuoQgyy+f1rrTDHoExVM5PsyXCtfl2vs2vVJ0MN0yN6LppRw==
